%{
  "combination": {:hex, :combination, "0.0.3", "746aedca63d833293ec6e835aa1f34974868829b1486b1e1cb0685f0b2ae1f41", [:mix], [], "hexpm", "72b099f463df42ef7dc6371d250c7070b57b6c5902853f69deb894f79eda18ca"},
  "muscat": {:hex, :muscat, "0.3.0", "c8f471c68c7bba7ae6fb5149901bdd1516270056c83b9a5d03a86a040f12e09d", [:mix], [], "hexpm", "ceb1fde0817c86108c0a070811ec686d5faa3dfcb1676d9c507253044f75800f"},
}
